
Microsoft Visual Studio Solution File, Format Version 12.00
# Visual Studio 14
VisualStudioVersion = 14.0.25420.1
MinimumVisualStudioVersion = 10.0.40219.1
Project("{8BC9CEB8-8B4A-11D0-8D11-00A0C91BC942}") = "Utilities", "Utilities\Utilities.vcxproj", "{C05879A9-9B21-411D-A8D9-DF83B3F2F327}"
EndProject
Project("{8BC9CEB8-8B4A-11D0-8D11-00A0C91BC942}") = "InfinitesimalDeformation", "InfinitesimalDeformation\InfinitesimalDeformation.vcxproj", "{64ADFD37-C57C-4729-9FB3-D7B1E048CD8E}"
EndProject
Project("{8BC9CEB8-8B4A-11D0-8D11-00A0C91BC942}") = "MeshStructure", "MeshStructure\MeshStructure.vcxproj", "{20AF830A-8613-401B-A9F8-5D2908F41DB5}"
EndProject
Project("{8BC9CEB8-8B4A-11D0-8D11-00A0C91BC942}") = "Main", "Main\Main.vcxproj", "{A6107175-6823-4897-90A2-49204CD4F7B4}"
EndProject
Project("{8BC9CEB8-8B4A-11D0-8D11-00A0C91BC942}") = "GUI", "GUI\GUI.vcxproj", "{5209D4A4-A929-4F0A-AE29-92C65F6A3B14}"
EndProject
Project("{8BC9CEB8-8B4A-11D0-8D11-00A0C91BC942}") = "Test", "Test\Test.vcxproj", "{8D161D20-4C47-4E7E-B3DA-27F5DA2134DA}"
EndProject
Global
	GlobalSection(SolutionConfigurationPlatforms) = preSolution
		Debug|x64 = Debug|x64
		Debug|x86 = Debug|x86
		Release|x64 = Release|x64
		Release|x86 = Release|x86
	EndGlobalSection
	GlobalSection(ProjectConfigurationPlatforms) = postSolution
		{C05879A9-9B21-411D-A8D9-DF83B3F2F327}.Debug|x64.ActiveCfg = Debug|x64
		{C05879A9-9B21-411D-A8D9-DF83B3F2F327}.Debug|x64.Build.0 = Debug|x64
		{C05879A9-9B21-411D-A8D9-DF83B3F2F327}.Debug|x86.ActiveCfg = Debug|Win32
		{C05879A9-9B21-411D-A8D9-DF83B3F2F327}.Debug|x86.Build.0 = Debug|Win32
		{C05879A9-9B21-411D-A8D9-DF83B3F2F327}.Release|x64.ActiveCfg = Release|x64
		{C05879A9-9B21-411D-A8D9-DF83B3F2F327}.Release|x64.Build.0 = Release|x64
		{C05879A9-9B21-411D-A8D9-DF83B3F2F327}.Release|x86.ActiveCfg = Release|Win32
		{C05879A9-9B21-411D-A8D9-DF83B3F2F327}.Release|x86.Build.0 = Release|Win32
		{64ADFD37-C57C-4729-9FB3-D7B1E048CD8E}.Debug|x64.ActiveCfg = Debug|x64
		{64ADFD37-C57C-4729-9FB3-D7B1E048CD8E}.Debug|x64.Build.0 = Debug|x64
		{64ADFD37-C57C-4729-9FB3-D7B1E048CD8E}.Debug|x86.ActiveCfg = Debug|Win32
		{64ADFD37-C57C-4729-9FB3-D7B1E048CD8E}.Debug|x86.Build.0 = Debug|Win32
		{64ADFD37-C57C-4729-9FB3-D7B1E048CD8E}.Release|x64.ActiveCfg = Release|x64
		{64ADFD37-C57C-4729-9FB3-D7B1E048CD8E}.Release|x64.Build.0 = Release|x64
		{64ADFD37-C57C-4729-9FB3-D7B1E048CD8E}.Release|x86.ActiveCfg = Release|Win32
		{64ADFD37-C57C-4729-9FB3-D7B1E048CD8E}.Release|x86.Build.0 = Release|Win32
		{20AF830A-8613-401B-A9F8-5D2908F41DB5}.Debug|x64.ActiveCfg = Debug|x64
		{20AF830A-8613-401B-A9F8-5D2908F41DB5}.Debug|x64.Build.0 = Debug|x64
		{20AF830A-8613-401B-A9F8-5D2908F41DB5}.Debug|x86.ActiveCfg = Debug|Win32
		{20AF830A-8613-401B-A9F8-5D2908F41DB5}.Debug|x86.Build.0 = Debug|Win32
		{20AF830A-8613-401B-A9F8-5D2908F41DB5}.Release|x64.ActiveCfg = Release|x64
		{20AF830A-8613-401B-A9F8-5D2908F41DB5}.Release|x64.Build.0 = Release|x64
		{20AF830A-8613-401B-A9F8-5D2908F41DB5}.Release|x86.ActiveCfg = Release|Win32
		{20AF830A-8613-401B-A9F8-5D2908F41DB5}.Release|x86.Build.0 = Release|Win32
		{A6107175-6823-4897-90A2-49204CD4F7B4}.Debug|x64.ActiveCfg = Debug|x64
		{A6107175-6823-4897-90A2-49204CD4F7B4}.Debug|x64.Build.0 = Debug|x64
		{A6107175-6823-4897-90A2-49204CD4F7B4}.Debug|x86.ActiveCfg = Debug|Win32
		{A6107175-6823-4897-90A2-49204CD4F7B4}.Debug|x86.Build.0 = Debug|Win32
		{A6107175-6823-4897-90A2-49204CD4F7B4}.Release|x64.ActiveCfg = Release|x64
		{A6107175-6823-4897-90A2-49204CD4F7B4}.Release|x64.Build.0 = Release|x64
		{A6107175-6823-4897-90A2-49204CD4F7B4}.Release|x86.ActiveCfg = Release|Win32
		{A6107175-6823-4897-90A2-49204CD4F7B4}.Release|x86.Build.0 = Release|Win32
		{5209D4A4-A929-4F0A-AE29-92C65F6A3B14}.Debug|x64.ActiveCfg = Debug|x64
		{5209D4A4-A929-4F0A-AE29-92C65F6A3B14}.Debug|x64.Build.0 = Debug|x64
		{5209D4A4-A929-4F0A-AE29-92C65F6A3B14}.Debug|x86.ActiveCfg = Debug|Win32
		{5209D4A4-A929-4F0A-AE29-92C65F6A3B14}.Debug|x86.Build.0 = Debug|Win32
		{5209D4A4-A929-4F0A-AE29-92C65F6A3B14}.Release|x64.ActiveCfg = Release|x64
		{5209D4A4-A929-4F0A-AE29-92C65F6A3B14}.Release|x64.Build.0 = Release|x64
		{5209D4A4-A929-4F0A-AE29-92C65F6A3B14}.Release|x86.ActiveCfg = Release|Win32
		{5209D4A4-A929-4F0A-AE29-92C65F6A3B14}.Release|x86.Build.0 = Release|Win32
		{8D161D20-4C47-4E7E-B3DA-27F5DA2134DA}.Debug|x64.ActiveCfg = Debug|x64
		{8D161D20-4C47-4E7E-B3DA-27F5DA2134DA}.Debug|x64.Build.0 = Debug|x64
		{8D161D20-4C47-4E7E-B3DA-27F5DA2134DA}.Debug|x86.ActiveCfg = Debug|Win32
		{8D161D20-4C47-4E7E-B3DA-27F5DA2134DA}.Debug|x86.Build.0 = Debug|Win32
		{8D161D20-4C47-4E7E-B3DA-27F5DA2134DA}.Release|x64.ActiveCfg = Release|x64
		{8D161D20-4C47-4E7E-B3DA-27F5DA2134DA}.Release|x64.Build.0 = Release|x64
		{8D161D20-4C47-4E7E-B3DA-27F5DA2134DA}.Release|x86.ActiveCfg = Release|Win32
		{8D161D20-4C47-4E7E-B3DA-27F5DA2134DA}.Release|x86.Build.0 = Release|Win32
	EndGlobalSection
	GlobalSection(SolutionProperties) = preSolution
		HideSolutionNode = FALSE
	EndGlobalSection
EndGlobal
